{
  "name": "radixdlt-iotsimulation",
  "version": "1.0.0",
  "lockfileVersion": 1,
  "requires": true,
  "dependencies": {
    "101": {
      "version": "1.6.3",
      "resolved": "https://registry.npmjs.org/101/-/101-1.6.3.tgz",
      "integrity": "sha512-4dmQ45yY0Dx24Qxp+zAsNLlMF6tteCyfVzgbulvSyC7tCyd3V8sW76sS0tHq8NpcbXfWTKasfyfzU1Kd86oKzw==",
      "requires": {
        "clone": "^1.0.2",
        "deep-eql": "^0.1.3",
        "keypather": "^1.10.2"
      }
    },
    "@babel/runtime": {
      "version": "7.6.3",
      "resolved": "https://registry.npmjs.org/@babel/runtime/-/runtime-7.6.3.tgz",
      "integrity": "sha512-kq6anf9JGjW8Nt5rYfEuGRaEAaH1mkv3Bbu6rYvLOpPh/RusSJXuKPEAoZ7L7gybZkchE8+NV5g9vKF4AGAtsA==",
      "requires": {
        "regenerator-runtime": "^0.13.2"
      }
    },
    "@reactivex/rxjs": {
      "version": "6.5.3",
      "resolved": "https://registry.npmjs.org/@reactivex/rxjs/-/rxjs-6.5.3.tgz",
      "integrity": "sha512-gnpr0a6mI0or/f+rwCmleawsSmhcdQ0K/ufegqRV/OXPf0tFiI3AqT7xN0DZAUybPgwq3fivG4WWaXkVe6tTNg==",
      "requires": {
        "tslib": "^1.9.0"
      }
    },
    "accepts": {
      "version": "1.3.5",
      "resolved": "https://registry.npmjs.org/accepts/-/accepts-1.3.5.tgz",
      "integrity": "sha1-63d99gEXI6OxTopywIBcjoZ0a9I=",
      "requires": {
        "mime-types": "~2.1.18",
        "negotiator": "0.6.1"
      }
    },
    "array-flatten": {
      "version": "1.1.1",
      "resolved": "https://registry.npmjs.org/array-flatten/-/array-flatten-1.1.1.tgz",
      "integrity": "sha1-ml9pkFGx5wczKPKgCJaLZOopVdI="
    },
    "assert-args": {
      "version": "1.2.1",
      "resolved": "https://registry.npmjs.org/assert-args/-/assert-args-1.2.1.tgz",
      "integrity": "sha1-QEEDoUUqMv53iYgR5U5ZCoqTc70=",
      "requires": {
        "101": "^1.2.0",
        "compound-subject": "0.0.1",
        "debug": "^2.2.0",
        "get-prototype-of": "0.0.0",
        "is-capitalized": "^1.0.0",
        "is-class": "0.0.4"
      }
    },
    "async": {
      "version": "0.2.10",
      "resolved": "https://registry.npmjs.org/async/-/async-0.2.10.tgz",
      "integrity": "sha1-trvgsGdLnXGXCMo43owjfLUmw9E="
    },
    "async-limiter": {
      "version": "1.0.1",
      "resolved": "https://registry.npmjs.org/async-limiter/-/async-limiter-1.0.1.tgz",
      "integrity": "sha512-csOlWGAcRFJaI6m+F2WKdnMKr4HhdhFVBk0H/QbJFMCr+uO2kwohwXQPxw/9OCxp05r5ghVBFSyioixx3gfkNQ=="
    },
    "axios": {
      "version": "0.18.1",
      "resolved": "https://registry.npmjs.org/axios/-/axios-0.18.1.tgz",
      "integrity": "sha512-0BfJq4NSfQXd+SkFdrvFbG7addhYSBA2mQwISr46pD6E5iqkWg02RAs8vyTT/j0RTnoYmeXauBuSv1qKwR179g==",
      "requires": {
        "follow-redirects": "1.5.10",
        "is-buffer": "^2.0.2"
      }
    },
    "babel-runtime": {
      "version": "6.26.0",
      "resolved": "https://registry.npmjs.org/babel-runtime/-/babel-runtime-6.26.0.tgz",
      "integrity": "sha1-llxwWGaOgrVde/4E/yM3vItWR/4=",
      "requires": {
        "core-js": "^2.4.0",
        "regenerator-runtime": "^0.11.0"
      },
      "dependencies": {
        "regenerator-runtime": {
          "version": "0.11.1",
          "resolved": "https://registry.npmjs.org/regenerator-runtime/-/regenerator-runtime-0.11.1.tgz",
          "integrity": "sha512-MguG95oij0fC3QV3URf4V2SDYGJhJnJGqvIIgdECeODCT98wSWDAJ94SSuVpYQUoTcGUIL6L4yNB7j1DFFHSBg=="
        }
      }
    },
    "base-x": {
      "version": "3.0.7",
      "resolved": "https://registry.npmjs.org/base-x/-/base-x-3.0.7.tgz",
      "integrity": "sha512-zAKJGuQPihXW22fkrfOclUUZXM2g92z5GzlSMHxhO6r6Qj+Nm0ccaGNBzDZojzwOMkpjAv4J0fOv1U4go+a4iw==",
      "requires": {
        "safe-buffer": "^5.0.1"
      }
    },
    "base64-js": {
      "version": "1.3.1",
      "resolved": "https://registry.npmjs.org/base64-js/-/base64-js-1.3.1.tgz",
      "integrity": "sha512-mLQ4i2QO1ytvGWFWmcngKO//JXAQueZvwEKtjgQFM4jIK0kU+ytMfplL8j+n5mspOfjHwoAg+9yhb7BwAHm36g=="
    },
    "binary-search-tree": {
      "version": "0.2.5",
      "resolved": "https://registry.npmjs.org/binary-search-tree/-/binary-search-tree-0.2.5.tgz",
      "integrity": "sha1-fbs7IQ/coIJFDa0jNMMErzm9x4Q=",
      "requires": {
        "underscore": "~1.4.4"
      }
    },
    "bn.js": {
      "version": "4.11.8",
      "resolved": "https://registry.npmjs.org/bn.js/-/bn.js-4.11.8.tgz",
      "integrity": "sha512-ItfYfPLkWHUjckQCk8xC+LwxgK8NYcXywGigJgSwOP8Y2iyWT4f2vsZnoOXTTbo+o5yXmIUJ4gn5538SO5S3gA=="
    },
    "body-parser": {
      "version": "1.18.3",
      "resolved": "https://registry.npmjs.org/body-parser/-/body-parser-1.18.3.tgz",
      "integrity": "sha1-WykhmP/dVTs6DyDe0FkrlWlVyLQ=",
      "requires": {
        "bytes": "3.0.0",
        "content-type": "~1.0.4",
        "debug": "2.6.9",
        "depd": "~1.1.2",
        "http-errors": "~1.6.3",
        "iconv-lite": "0.4.23",
        "on-finished": "~2.3.0",
        "qs": "6.5.2",
        "raw-body": "2.3.3",
        "type-is": "~1.6.16"
      }
    },
    "brorand": {
      "version": "1.1.0",
      "resolved": "https://registry.npmjs.org/brorand/-/brorand-1.1.0.tgz",
      "integrity": "sha1-EsJe/kCkXjwyPrhnWgoM5XsiNx8="
    },
    "bs58": {
      "version": "4.0.1",
      "resolved": "https://registry.npmjs.org/bs58/-/bs58-4.0.1.tgz",
      "integrity": "sha1-vhYedsNU9veIrkBx9j806MTwpCo=",
      "requires": {
        "base-x": "^3.0.2"
      }
    },
    "buffer": {
      "version": "5.4.3",
      "resolved": "https://registry.npmjs.org/buffer/-/buffer-5.4.3.tgz",
      "integrity": "sha512-zvj65TkFeIt3i6aj5bIvJDzjjQQGs4o/sNoezg1F1kYap9Nu2jcUdpwzRSJTHMMzG0H7bZkn4rNQpImhuxWX2A==",
      "requires": {
        "base64-js": "^1.0.2",
        "ieee754": "^1.1.4"
      }
    },
    "buffer-reader": {
      "version": "0.1.0",
      "resolved": "https://registry.npmjs.org/buffer-reader/-/buffer-reader-0.1.0.tgz",
      "integrity": "sha1-YpU/lVu8UNiqjodfl4kyajsMdkQ="
    },
    "bufferutil": {
      "version": "4.0.1",
      "resolved": "https://registry.npmjs.org/bufferutil/-/bufferutil-4.0.1.tgz",
      "integrity": "sha512-xowrxvpxojqkagPcWRQVXZl0YXhRhAtBEIq3VoER1NH5Mw1n1o0ojdspp+GS2J//2gCVyrzQDApQ4unGF+QOoA==",
      "requires": {
        "node-gyp-build": "~3.7.0"
      }
    },
    "bytes": {
      "version": "3.0.0",
      "resolved": "https://registry.npmjs.org/bytes/-/bytes-3.0.0.tgz",
      "integrity": "sha1-0ygVQE1olpn4Wk6k+odV3ROpYEg="
    },
    "circular-json": {
      "version": "0.5.9",
      "resolved": "https://registry.npmjs.org/circular-json/-/circular-json-0.5.9.tgz",
      "integrity": "sha512-4ivwqHpIFJZBuhN3g/pEcdbnGUywkBblloGbkglyloVjjR3uT6tieI89MVOfbP2tHX5sgb01FuLgAOzebNlJNQ=="
    },
    "clone": {
      "version": "1.0.4",
      "resolved": "https://registry.npmjs.org/clone/-/clone-1.0.4.tgz",
      "integrity": "sha1-2jCcwmPfFZlMaIypAheco8fNfH4="
    },
    "compound-subject": {
      "version": "0.0.1",
      "resolved": "https://registry.npmjs.org/compound-subject/-/compound-subject-0.0.1.tgz",
      "integrity": "sha1-JxVUaYoVrmCLHfyv0wt7oeqJLEs="
    },
    "content-disposition": {
      "version": "0.5.2",
      "resolved": "https://registry.npmjs.org/content-disposition/-/content-disposition-0.5.2.tgz",
      "integrity": "sha1-DPaLud318r55YcOoUXjLhdunjLQ="
    },
    "content-type": {
      "version": "1.0.4",
      "resolved": "https://registry.npmjs.org/content-type/-/content-type-1.0.4.tgz",
      "integrity": "sha512-hIP3EEPs8tB9AT1L+NUqtwOAps4mk2Zob89MWXMHjHWg9milF/j4osnnQLXBCBFBk/tvIG/tUc9mOUJiPBhPXA=="
    },
    "cookie": {
      "version": "0.3.1",
      "resolved": "https://registry.npmjs.org/cookie/-/cookie-0.3.1.tgz",
      "integrity": "sha1-5+Ch+e9DtMi6klxcWpboBtFoc7s="
    },
    "cookie-signature": {
      "version": "1.0.6",
      "resolved": "https://registry.npmjs.org/cookie-signature/-/cookie-signature-1.0.6.tgz",
      "integrity": "sha1-4wOogrNCzD7oylE6eZmXNNqzriw="
    },
    "core-js": {
      "version": "2.6.10",
      "resolved": "https://registry.npmjs.org/core-js/-/core-js-2.6.10.tgz",
      "integrity": "sha512-I39t74+4t+zau64EN1fE5v2W31Adtc/REhzWN+gWRRXg6WH5qAsZm62DHpQ1+Yhe4047T55jvzz7MUqF/dBBlA=="
    },
    "csv-writer": {
      "version": "1.5.0",
      "resolved": "https://registry.npmjs.org/csv-writer/-/csv-writer-1.5.0.tgz",
      "integrity": "sha512-Um27xYNzwI6iAXf96tz7j8nnabBbADeDd2cQ5gAjJaXyPrj3C7qX7uCI8Wp8Q+e9rRdkWQ+Sa1J6X5cDyInLWw=="
    },
    "debug": {
      "version": "2.6.9",
      "resolved": "https://registry.npmjs.org/debug/-/debug-2.6.9.tgz",
      "integrity": "sha512-bC7ElrdJaJnPbAP+1EotYvqZsb3ecl5wi6Bfi6BJTUcNowp6cvspg0jXznRTKDjm/E7AdgFBVeAPVMNcKGsHMA==",
      "requires": {
        "ms": "2.0.0"
      }
    },
    "decimal.js": {
      "version": "10.2.0",
      "resolved": "https://registry.npmjs.org/decimal.js/-/decimal.js-10.2.0.tgz",
      "integrity": "sha512-vDPw+rDgn3bZe1+F/pyEwb1oMG2XTlRVgAa6B4KccTEpYgF8w6eQllVbQcfIJnZyvzFtFpxnpGtx8dd7DJp/Rw=="
    },
    "deep-eql": {
      "version": "0.1.3",
      "resolved": "https://registry.npmjs.org/deep-eql/-/deep-eql-0.1.3.tgz",
      "integrity": "sha1-71WKyrjeJSBs1xOQbXTlaTDrafI=",
      "requires": {
        "type-detect": "0.1.1"
      }
    },
    "depd": {
      "version": "1.1.2",
      "resolved": "https://registry.npmjs.org/depd/-/depd-1.1.2.tgz",
      "integrity": "sha1-m81S4UwJd2PnSbJ0xDRu0uVgtak="
    },
    "destroy": {
      "version": "1.0.4",
      "resolved": "https://registry.npmjs.org/destroy/-/destroy-1.0.4.tgz",
      "integrity": "sha1-l4hXRCxEdJ5CBmE+N5RiBYJqvYA="
    },
    "ee-first": {
      "version": "1.1.1",
      "resolved": "https://registry.npmjs.org/ee-first/-/ee-first-1.1.1.tgz",
      "integrity": "sha1-WQxhFWsK4vTwJVcyoViyZrxWsh0="
    },
    "elliptic": {
      "version": "6.5.3",
      "resolved": "https://registry.npmjs.org/elliptic/-/elliptic-6.5.3.tgz",
      "integrity": "sha512-IMqzv5wNQf+E6aHeIqATs0tOLeOTwj1QKbRcS3jBbYkl5oLAserA8yJTT7/VyHUYG91PRmPyeQDObKLPpeS4dw==",
      "requires": {
        "bn.js": "^4.4.0",
        "brorand": "^1.0.1",
        "hash.js": "^1.0.0",
        "hmac-drbg": "^1.0.0",
        "inherits": "^2.0.1",
        "minimalistic-assert": "^1.0.0",
        "minimalistic-crypto-utils": "^1.0.0"
      }
    },
    "encodeurl": {
      "version": "1.0.2",
      "resolved": "https://registry.npmjs.org/encodeurl/-/encodeurl-1.0.2.tgz",
      "integrity": "sha1-rT/0yG7C0CkyL1oCw6mmBslbP1k="
    },
    "err-code": {
      "version": "1.1.2",
      "resolved": "https://registry.npmjs.org/err-code/-/err-code-1.1.2.tgz",
      "integrity": "sha1-BuARbTAo9q70gGhJ6w6mp0iuaWA="
    },
    "escape-html": {
      "version": "1.0.3",
      "resolved": "https://registry.npmjs.org/escape-html/-/escape-html-1.0.3.tgz",
      "integrity": "sha1-Aljq5NPQwJdN4cFpGI7wBR0dGYg="
    },
    "etag": {
      "version": "1.8.1",
      "resolved": "https://registry.npmjs.org/etag/-/etag-1.8.1.tgz",
      "integrity": "sha1-Qa4u62XvpiJorr/qg6x9eSmbCIc="
    },
    "eventemitter3": {
      "version": "3.1.2",
      "resolved": "https://registry.npmjs.org/eventemitter3/-/eventemitter3-3.1.2.tgz",
      "integrity": "sha512-tvtQIeLVHjDkJYnzf2dgVMxfuSGJeM/7UCG17TT4EumTfNtF+0nebF/4zWOIkCreAbtNqhGEboB6BWrwqNaw4Q=="
    },
    "express": {
      "version": "4.16.4",
      "resolved": "https://registry.npmjs.org/express/-/express-4.16.4.tgz",
      "integrity": "sha512-j12Uuyb4FMrd/qQAm6uCHAkPtO8FDTRJZBDd5D2KOL2eLaz1yUNdUB/NOIyq0iU4q4cFarsUCrnFDPBcnksuOg==",
      "requires": {
        "accepts": "~1.3.5",
        "array-flatten": "1.1.1",
        "body-parser": "1.18.3",
        "content-disposition": "0.5.2",
        "content-type": "~1.0.4",
        "cookie": "0.3.1",
        "cookie-signature": "1.0.6",
        "debug": "2.6.9",
        "depd": "~1.1.2",
        "encodeurl": "~1.0.2",
        "escape-html": "~1.0.3",
        "etag": "~1.8.1",
        "finalhandler": "1.1.1",
        "fresh": "0.5.2",
        "merge-descriptors": "1.0.1",
        "methods": "~1.1.2",
        "on-finished": "~2.3.0",
        "parseurl": "~1.3.2",
        "path-to-regexp": "0.1.7",
        "proxy-addr": "~2.0.4",
        "qs": "6.5.2",
        "range-parser": "~1.2.0",
        "safe-buffer": "5.1.2",
        "send": "0.16.2",
        "serve-static": "1.13.2",
        "setprototypeof": "1.1.0",
        "statuses": "~1.4.0",
        "type-is": "~1.6.16",
        "utils-merge": "1.0.1",
        "vary": "~1.1.2"
      }
    },
    "finalhandler": {
      "version": "1.1.1",
      "resolved": "http://registry.npmjs.org/finalhandler/-/finalhandler-1.1.1.tgz",
      "integrity": "sha512-Y1GUDo39ez4aHAw7MysnUD5JzYX+WaIj8I57kO3aEPT1fFRL4sr7mjei97FgnwhAyyzRYmQZaTHb2+9uZ1dPtg==",
      "requires": {
        "debug": "2.6.9",
        "encodeurl": "~1.0.2",
        "escape-html": "~1.0.3",
        "on-finished": "~2.3.0",
        "parseurl": "~1.3.2",
        "statuses": "~1.4.0",
        "unpipe": "~1.0.0"
      }
    },
    "follow-redirects": {
      "version": "1.5.10",
      "resolved": "https://registry.npmjs.org/follow-redirects/-/follow-redirects-1.5.10.tgz",
      "integrity": "sha512-0V5l4Cizzvqt5D44aTXbFZz+FtyXV1vrDN6qrelxtfYQKW0KO0W2T/hkE8xvGa/540LkZlkaUjO4ailYTFtHVQ==",
      "requires": {
        "debug": "=3.1.0"
      },
      "dependencies": {
        "debug": {
          "version": "3.1.0",
          "resolved": "https://registry.npmjs.org/debug/-/debug-3.1.0.tgz",
          "integrity": "sha512-OX8XqP7/1a9cqkxYw2yXss15f26NKWBpDXQd0/uK/KPqdQhxbPa994hnzjcE2VqQpDslf55723cKPUOGSmMY3g==",
          "requires": {
            "ms": "2.0.0"
          }
        }
      }
    },
    "forwarded": {
      "version": "0.1.2",
      "resolved": "https://registry.npmjs.org/forwarded/-/forwarded-0.1.2.tgz",
      "integrity": "sha1-mMI9qxF1ZXuMBXPozszZGw/xjIQ="
    },
    "fresh": {
      "version": "0.5.2",
      "resolved": "https://registry.npmjs.org/fresh/-/fresh-0.5.2.tgz",
      "integrity": "sha1-PYyt2Q2XZWn6g1qx+OSyOhBWBac="
    },
    "fs": {
      "version": "0.0.1-security",
      "resolved": "https://registry.npmjs.org/fs/-/fs-0.0.1-security.tgz",
      "integrity": "sha1-invTcYa23d84E/I4WLV+yq9eQdQ="
    },
    "get-prototype-of": {
      "version": "0.0.0",
      "resolved": "https://registry.npmjs.org/get-prototype-of/-/get-prototype-of-0.0.0.tgz",
      "integrity": "sha1-mHcr0QcW0W3rSzIlFsRp78oorEQ="
    },
    "hash.js": {
      "version": "1.1.7",
      "resolved": "https://registry.npmjs.org/hash.js/-/hash.js-1.1.7.tgz",
      "integrity": "sha512-taOaskGt4z4SOANNseOviYDvjEJinIkRgmp7LbKP2YTTmVxWBl87s/uzK9r+44BclBSp2X7K1hqeNfz9JbBeXA==",
      "requires": {
        "inherits": "^2.0.3",
        "minimalistic-assert": "^1.0.1"
      }
    },
    "hmac-drbg": {
      "version": "1.0.1",
      "resolved": "https://registry.npmjs.org/hmac-drbg/-/hmac-drbg-1.0.1.tgz",
      "integrity": "sha1-0nRXAQJabHdabFRXk+1QL8DGSaE=",
      "requires": {
        "hash.js": "^1.0.3",
        "minimalistic-assert": "^1.0.0",
        "minimalistic-crypto-utils": "^1.0.1"
      }
    },
    "http-errors": {
      "version": "1.6.3",
      "resolved": "http://registry.npmjs.org/http-errors/-/http-errors-1.6.3.tgz",
      "integrity": "sha1-i1VoC7S+KDoLW/TqLjhYC+HZMg0=",
      "requires": {
        "depd": "~1.1.2",
        "inherits": "2.0.3",
        "setprototypeof": "1.1.0",
        "statuses": ">= 1.4.0 < 2"
      }
    },
    "iconv-lite": {
      "version": "0.4.23",
      "resolved": "https://registry.npmjs.org/iconv-lite/-/iconv-lite-0.4.23.tgz",
      "integrity": "sha512-neyTUVFtahjf0mB3dZT77u+8O0QB89jFdnBkd5P1JgYPbPaia3gXXOVL2fq8VyU2gMMD7SaN7QukTB/pmXYvDA==",
      "requires": {
        "safer-buffer": ">= 2.1.2 < 3"
      }
    },
    "ieee754": {
      "version": "1.1.13",
      "resolved": "https://registry.npmjs.org/ieee754/-/ieee754-1.1.13.tgz",
      "integrity": "sha512-4vf7I2LYV/HaWerSo3XmlMkp5eZ83i+/CDluXi/IGTs/O1sejBNhTtnxzmRZfvOUqj7lZjqHkeTvpgSFDlWZTg=="
    },
    "immediate": {
      "version": "3.0.6",
      "resolved": "https://registry.npmjs.org/immediate/-/immediate-3.0.6.tgz",
      "integrity": "sha1-nbHb0Pr43m++D13V5Wu2BigN5ps="
    },
    "inherits": {
      "version": "2.0.3",
      "resolved": "https://registry.npmjs.org/inherits/-/inherits-2.0.3.tgz",
      "integrity": "sha1-Yzwsg+PaQqUC9SRmAiSA9CCCYd4="
    },
    "ipaddr.js": {
      "version": "1.8.0",
      "resolved": "https://registry.npmjs.org/ipaddr.js/-/ipaddr.js-1.8.0.tgz",
      "integrity": "sha1-6qM9bd16zo9/b+DJygRA5wZzix4="
    },
    "is-buffer": {
      "version": "2.0.4",
      "resolved": "https://registry.npmjs.org/is-buffer/-/is-buffer-2.0.4.tgz",
      "integrity": "sha512-Kq1rokWXOPXWuaMAqZiJW4XxsmD9zGx9q4aePabbn3qCRGedtH7Cm+zV8WETitMfu1wdh+Rvd6w5egwSngUX2A=="
    },
    "is-capitalized": {
      "version": "1.0.0",
      "resolved": "https://registry.npmjs.org/is-capitalized/-/is-capitalized-1.0.0.tgz",
      "integrity": "sha1-TIRktNkdPk7rRIid0s2PGwrEwTY="
    },
    "is-class": {
      "version": "0.0.4",
      "resolved": "https://registry.npmjs.org/is-class/-/is-class-0.0.4.tgz",
      "integrity": "sha1-4FdFFwW7NOOePjNZjJOpg3KWtzY="
    },
    "keypather": {
      "version": "1.10.2",
      "resolved": "https://registry.npmjs.org/keypather/-/keypather-1.10.2.tgz",
      "integrity": "sha1-4ESWMtSz5RbyHMAUznxWRP3c5hQ=",
      "requires": {
        "101": "^1.0.0"
      }
    },
    "lie": {
      "version": "3.1.1",
      "resolved": "https://registry.npmjs.org/lie/-/lie-3.1.1.tgz",
      "integrity": "sha1-mkNrLMd0bKWd56QfpGmz77dr2H4=",
      "requires": {
        "immediate": "~3.0.5"
      }
    },
    "localforage": {
      "version": "1.7.3",
      "resolved": "https://registry.npmjs.org/localforage/-/localforage-1.7.3.tgz",
      "integrity": "sha512-1TulyYfc4udS7ECSBT2vwJksWbkwwTX8BzeUIiq8Y07Riy7bDAAnxDaPU/tWyOVmQAcWJIEIFP9lPfBGqVoPgQ==",
      "requires": {
        "lie": "3.1.1"
      }
    },
    "loglevel": {
      "version": "1.6.4",
      "resolved": "https://registry.npmjs.org/loglevel/-/loglevel-1.6.4.tgz",
      "integrity": "sha512-p0b6mOGKcGa+7nnmKbpzR6qloPbrgLcnio++E+14Vo/XffOGwZtRpUhr8dTH/x2oCMmEoIU0Zwm3ZauhvYD17g=="
    },
    "long": {
      "version": "4.0.0",
      "resolved": "https://registry.npmjs.org/long/-/long-4.0.0.tgz",
      "integrity": "sha512-XsP+KhQif4bjX1kbuSiySJFNAehNxgLb6hPRGJ9QsUr8ajHkuXGdrHmFUTUUXhDwVX2R5bY4JNZEwbUiMhV+MA=="
    },
    "media-typer": {
      "version": "0.3.0",
      "resolved": "https://registry.npmjs.org/media-typer/-/media-typer-0.3.0.tgz",
      "integrity": "sha1-hxDXrwqmJvj/+hzgAWhUUmMlV0g="
    },
    "merge-descriptors": {
      "version": "1.0.1",
      "resolved": "https://registry.npmjs.org/merge-descriptors/-/merge-descriptors-1.0.1.tgz",
      "integrity": "sha1-sAqqVW3YtEVoFQ7J0blT8/kMu2E="
    },
    "methods": {
      "version": "1.1.2",
      "resolved": "https://registry.npmjs.org/methods/-/methods-1.1.2.tgz",
      "integrity": "sha1-VSmk1nZUE07cxSZmVoNbD4Ua/O4="
    },
    "mime": {
      "version": "1.4.1",
      "resolved": "https://registry.npmjs.org/mime/-/mime-1.4.1.tgz",
      "integrity": "sha512-KI1+qOZu5DcW6wayYHSzR/tXKCDC5Om4s1z2QJjDULzLcmf3DvzS7oluY4HCTrc+9FiKmWUgeNLg7W3uIQvxtQ=="
    },
    "mime-db": {
      "version": "1.36.0",
      "resolved": "https://registry.npmjs.org/mime-db/-/mime-db-1.36.0.tgz",
      "integrity": "sha512-L+xvyD9MkoYMXb1jAmzI/lWYAxAMCPvIBSWur0PZ5nOf5euahRLVqH//FKW9mWp2lkqUgYiXPgkzfMUFi4zVDw=="
    },
    "mime-types": {
      "version": "2.1.20",
      "resolved": "https://registry.npmjs.org/mime-types/-/mime-types-2.1.20.tgz",
      "integrity": "sha512-HrkrPaP9vGuWbLK1B1FfgAkbqNjIuy4eHlIYnFi7kamZyLLrGlo2mpcx0bBmNpKqBtYtAfGbodDddIgddSJC2A==",
      "requires": {
        "mime-db": "~1.36.0"
      }
    },
    "minimalistic-assert": {
      "version": "1.0.1",
      "resolved": "https://registry.npmjs.org/minimalistic-assert/-/minimalistic-assert-1.0.1.tgz",
      "integrity": "sha512-UtJcAD4yEaGtjPezWuO9wC4nwUnVH/8/Im3yEHQP4b67cXlD/Qr9hdITCU1xDbSEXg2XKNaP8jsReV7vQd00/A=="
    },
    "minimalistic-crypto-utils": {
      "version": "1.0.1",
      "resolved": "https://registry.npmjs.org/minimalistic-crypto-utils/-/minimalistic-crypto-utils-1.0.1.tgz",
      "integrity": "sha1-9sAMHAsIIkblxNmd+4x8CDsrWCo="
    },
    "minimist": {
      "version": "0.0.8",
      "resolved": "https://registry.npmjs.org/minimist/-/minimist-0.0.8.tgz",
      "integrity": "sha1-hX/Kv8M5fSYluCKCYuhqp6ARsF0="
    },
    "mkdirp": {
      "version": "0.5.1",
      "resolved": "https://registry.npmjs.org/mkdirp/-/mkdirp-0.5.1.tgz",
      "integrity": "sha1-MAV0OOrGz3+MR2fzhkjWaX11yQM=",
      "requires": {
        "minimist": "0.0.8"
      }
    },
    "ms": {
      "version": "2.0.0",
      "resolved": "https://registry.npmjs.org/ms/-/ms-2.0.0.tgz",
      "integrity": "sha1-VgiurfwAvmwpAd9fmGF4jeDVl8g="
    },
    "n-readlines": {
      "version": "1.0.0",
      "resolved": "https://registry.npmjs.org/n-readlines/-/n-readlines-1.0.0.tgz",
      "integrity": "sha512-ISDqGcspVu6U3VKqtJZG1uR55SmNNF9uK0EMq1IvNVVZOui6MW6VR0+pIZhqz85ORAGp+4zW+5fJ/SE7bwEibA=="
    },
    "nedb": {
      "version": "1.8.0",
      "resolved": "https://registry.npmjs.org/nedb/-/nedb-1.8.0.tgz",
      "integrity": "sha1-DjUCzYLABNU1WkPJ5VV3vXvZHYg=",
      "requires": {
        "async": "0.2.10",
        "binary-search-tree": "0.2.5",
        "localforage": "^1.3.0",
        "mkdirp": "~0.5.1",
        "underscore": "~1.4.4"
      }
    },
    "nedb-promises": {
      "version": "3.0.7",
      "resolved": "https://registry.npmjs.org/nedb-promises/-/nedb-promises-3.0.7.tgz",
      "integrity": "sha512-JuE/N00fyo6h5BtPRp5disL1rPA7d+ZzRMjUGTTCuacGX2czD04V6+ftKCph5VkF3c1Tamb+/Ibk/t/Cl+AUbw==",
      "requires": {
        "nedb": "^1.8.0"
      }
    },
    "negotiator": {
      "version": "0.6.1",
      "resolved": "https://registry.npmjs.org/negotiator/-/negotiator-0.6.1.tgz",
      "integrity": "sha1-KzJxhOiZIQEXeyhWP7XnECrNDKk="
    },
    "node-gyp-build": {
      "version": "3.7.0",
      "resolved": "https://registry.npmjs.org/node-gyp-build/-/node-gyp-build-3.7.0.tgz",
      "integrity": "sha512-L/Eg02Epx6Si2NXmedx+Okg+4UHqmaf3TNcxd50SF9NQGcJaON3AtU++kax69XV7YWz4tUspqZSAsVofhFKG2w=="
    },
    "on-finished": {
      "version": "2.3.0",
      "resolved": "https://registry.npmjs.org/on-finished/-/on-finished-2.3.0.tgz",
      "integrity": "sha1-IPEzZIGwg811M3mSoWlxqi2QaUc=",
      "requires": {
        "ee-first": "1.1.1"
      }
    },
    "parseurl": {
      "version": "1.3.2",
      "resolved": "https://registry.npmjs.org/parseurl/-/parseurl-1.3.2.tgz",
      "integrity": "sha1-/CidTtiZMRlGDBViUyYs3I3mW/M="
    },
    "path-to-regexp": {
      "version": "0.1.7",
      "resolved": "https://registry.npmjs.org/path-to-regexp/-/path-to-regexp-0.1.7.tgz",
      "integrity": "sha1-32BBeABfUi8V60SQ5yR6G/qmf4w="
    },
    "promise-retry": {
      "version": "1.1.1",
      "resolved": "https://registry.npmjs.org/promise-retry/-/promise-retry-1.1.1.tgz",
      "integrity": "sha1-ZznpaOMFHaIM5kl/srUPaRHfPW0=",
      "requires": {
        "err-code": "^1.0.0",
        "retry": "^0.10.0"
      }
    },
    "proxy-addr": {
      "version": "2.0.4",
      "resolved": "https://registry.npmjs.org/proxy-addr/-/proxy-addr-2.0.4.tgz",
      "integrity": "sha512-5erio2h9jp5CHGwcybmxmVqHmnCBZeewlfJ0pex+UW7Qny7OOZXTtH56TGNyBizkgiOwhJtMKrVzDTeKcySZwA==",
      "requires": {
        "forwarded": "~0.1.2",
        "ipaddr.js": "1.8.0"
      }
    },
    "qs": {
      "version": "6.5.2",
      "resolved": "https://registry.npmjs.org/qs/-/qs-6.5.2.tgz",
      "integrity": "sha512-N5ZAX4/LxJmF+7wN74pUD6qAh9/wnvdQcjq9TZjevvXzSUo7bfmw91saqMjzGS2xq91/odN2dW/WOl7qQHNDGA=="
    },
    "radixdlt": {
      "version": "1.0.9-alpha",
      "resolved": "https://registry.npmjs.org/radixdlt/-/radixdlt-1.0.9-alpha.tgz",
      "integrity": "sha512-z22zFSogBw4n4QRT9gGFCfanHmgk9DOE5fKvxEh09Z7/ALU3HRdNzY+9Ct2BLeA8dMhCwCZOYHutCFsuDet1zg==",
      "requires": {
        "@reactivex/rxjs": "^6.2.2",
        "axios": "^0.18.0",
        "bn.js": "^4.11.8",
        "bs58": "^4.0.1",
        "buffer": "^5.2.1",
        "buffer-reader": "^0.1.0",
        "bufferutil": "^4.0.0",
        "decimal.js": "^10.0.1",
        "elliptic": "^6.4.1",
        "ipaddr.js": "^1.9.0",
        "loglevel": "^1.6.1",
        "long": "^4.0.0",
        "nedb": "^1.8.0",
        "nedb-promises": "^3.0.2",
        "promise-retry": "^1.1.1",
        "rpc-websockets": "^4.3.5",
        "rxjs": "^6.2.2",
        "rxjs-compat": "^6.2.2",
        "typescript-map": "0.0.6",
        "utf-8-validate": "^5.0.1"
      },
      "dependencies": {
        "ipaddr.js": {
          "version": "1.9.1",
          "resolved": "https://registry.npmjs.org/ipaddr.js/-/ipaddr.js-1.9.1.tgz",
          "integrity": "sha512-0KI/607xoxSToH7GjN1FfSbLoU0+btTicjsQSWQlh/hZykN8KpmMf7uYwPW3R+akZ6R/w18ZlXSHBYXiYUPO3g=="
        }
      }
    },
    "range-parser": {
      "version": "1.2.0",
      "resolved": "https://registry.npmjs.org/range-parser/-/range-parser-1.2.0.tgz",
      "integrity": "sha1-9JvmtIeJTdxA3MlKMi9hEJLgDV4="
    },
    "raw-body": {
      "version": "2.3.3",
      "resolved": "https://registry.npmjs.org/raw-body/-/raw-body-2.3.3.tgz",
      "integrity": "sha512-9esiElv1BrZoI3rCDuOuKCBRbuApGGaDPQfjSflGxdy4oyzqghxu6klEkkVIvBje+FF0BX9coEv8KqW6X/7njw==",
      "requires": {
        "bytes": "3.0.0",
        "http-errors": "1.6.3",
        "iconv-lite": "0.4.23",
        "unpipe": "1.0.0"
      }
    },
    "regenerator-runtime": {
      "version": "0.13.3",
      "resolved": "https://registry.npmjs.org/regenerator-runtime/-/regenerator-runtime-0.13.3.tgz",
      "integrity": "sha512-naKIZz2GQ8JWh///G7L3X6LaQUAMp2lvb1rvwwsURe/VXwD6VMfr+/1NuNw3ag8v2kY1aQ/go5SNn79O9JU7yw=="
    },
    "retry": {
      "version": "0.10.1",
      "resolved": "https://registry.npmjs.org/retry/-/retry-0.10.1.tgz",
      "integrity": "sha1-52OI0heZLCUnUCQdPTlW/tmNj/Q="
    },
    "rpc-websockets": {
      "version": "4.6.1",
      "resolved": "https://registry.npmjs.org/rpc-websockets/-/rpc-websockets-4.6.1.tgz",
      "integrity": "sha512-xyQC6+95hOFQJBuMRIYi2E3/ddKEMMKuql5Sd49r4578CcthP0N9nHHFkVtvrsAgz4OQH6j7zsLurLNY0nOU6g==",
      "requires": {
        "@babel/runtime": "^7.4.5",
        "assert-args": "^1.2.1",
        "babel-runtime": "^6.26.0",
        "circular-json": "^0.5.9",
        "eventemitter3": "^3.1.2",
        "uuid": "^3.3.2",
        "ws": "^5.2.2"
      }
    },
    "rxjs": {
      "version": "6.5.3",
      "resolved": "https://registry.npmjs.org/rxjs/-/rxjs-6.5.3.tgz",
      "integrity": "sha512-wuYsAYYFdWTAnAaPoKGNhfpWwKZbJW+HgAJ+mImp+Epl7BG8oNWBCTyRM8gba9k4lk8BgWdoYm21Mo/RYhhbgA==",
      "requires": {
        "tslib": "^1.9.0"
      }
    },
    "rxjs-compat": {
      "version": "6.5.3",
      "resolved": "https://registry.npmjs.org/rxjs-compat/-/rxjs-compat-6.5.3.tgz",
      "integrity": "sha512-BIJX2yovz3TBpjJoAZyls2QYuU6ZiCaZ+U96SmxQpuSP/qDUfiXPKOVLbThBB2WZijNHkdTTJXKRwvv5Y48H7g=="
    },
    "safe-buffer": {
      "version": "5.1.2",
      "resolved": "https://registry.npmjs.org/safe-buffer/-/safe-buffer-5.1.2.tgz",
      "integrity": "sha512-Gd2UZBJDkXlY7GbJxfsE8/nvKkUEU1G38c1siN6QP6a9PT9MmHB8GnpscSmMJSoF8LOIrt8ud/wPtojys4G6+g=="
    },
    "safer-buffer": {
      "version": "2.1.2",
      "resolved": "https://registry.npmjs.org/safer-buffer/-/safer-buffer-2.1.2.tgz",
      "integrity": "sha512-YZo3K82SD7Riyi0E1EQPojLz7kpepnSQI9IyPbHHg1XXXevb5dJI7tpyN2ADxGcQbHG7vcyRHk0cbwqcQriUtg=="
    },
    "send": {
      "version": "0.16.2",
      "resolved": "https://registry.npmjs.org/send/-/send-0.16.2.tgz",
      "integrity": "sha512-E64YFPUssFHEFBvpbbjr44NCLtI1AohxQ8ZSiJjQLskAdKuriYEP6VyGEsRDH8ScozGpkaX1BGvhanqCwkcEZw==",
      "requires": {
        "debug": "2.6.9",
        "depd": "~1.1.2",
        "destroy": "~1.0.4",
        "encodeurl": "~1.0.2",
        "escape-html": "~1.0.3",
        "etag": "~1.8.1",
        "fresh": "0.5.2",
        "http-errors": "~1.6.2",
        "mime": "1.4.1",
        "ms": "2.0.0",
        "on-finished": "~2.3.0",
        "range-parser": "~1.2.0",
        "statuses": "~1.4.0"
      }
    },
    "serve-static": {
      "version": "1.13.2",
      "resolved": "https://registry.npmjs.org/serve-static/-/serve-static-1.13.2.tgz",
      "integrity": "sha512-p/tdJrO4U387R9oMjb1oj7qSMaMfmOyd4j9hOFoxZe2baQszgHcSWjuya/CiT5kgZZKRudHNOA0pYXOl8rQ5nw==",
      "requires": {
        "encodeurl": "~1.0.2",
        "escape-html": "~1.0.3",
        "parseurl": "~1.3.2",
        "send": "0.16.2"
      }
    },
    "setprototypeof": {
      "version": "1.1.0",
      "resolved": "https://registry.npmjs.org/setprototypeof/-/setprototypeof-1.1.0.tgz",
      "integrity": "sha512-BvE/TwpZX4FXExxOxZyRGQQv651MSwmWKZGqvmPcRIjDqWub67kTKuIMx43cZZrS/cBBzwBcNDWoFxt2XEFIpQ=="
    },
    "statuses": {
      "version": "1.4.0",
      "resolved": "https://registry.npmjs.org/statuses/-/statuses-1.4.0.tgz",
      "integrity": "sha512-zhSCtt8v2NDrRlPQpCNtw/heZLtfUDqxBM1udqikb/Hbk52LK4nQSwr10u77iopCW5LsyHpuXS0GnEc48mLeew=="
    },
    "tslib": {
      "version": "1.10.0",
      "resolved": "https://registry.npmjs.org/tslib/-/tslib-1.10.0.tgz",
      "integrity": "sha512-qOebF53frne81cf0S9B41ByenJ3/IuH8yJKngAX35CmiZySA0khhkovshKK+jGCaMnVomla7gVlIcc3EvKPbTQ=="
    },
    "type-detect": {
      "version": "0.1.1",
      "resolved": "https://registry.npmjs.org/type-detect/-/type-detect-0.1.1.tgz",
      "integrity": "sha1-C6XsKohWQORw6k6FBZcZANrFiCI="
    },
    "type-is": {
      "version": "1.6.16",
      "resolved": "https://registry.npmjs.org/type-is/-/type-is-1.6.16.tgz",
      "integrity": "sha512-HRkVv/5qY2G6I8iab9cI7v1bOIdhm94dVjQCPFElW9W+3GeDOSHmy2EBYe4VTApuzolPcmgFTN3ftVJRKR2J9Q==",
      "requires": {
        "media-typer": "0.3.0",
        "mime-types": "~2.1.18"
      }
    },
    "typescript-map": {
      "version": "0.0.6",
      "resolved": "https://registry.npmjs.org/typescript-map/-/typescript-map-0.0.6.tgz",
      "integrity": "sha512-lZ0zr+GmDPeGDTrnHMLdnZLmbRDe2pyqeGPH5f92JW/n7hmhmGV5jj3wwR6UFY9dPeyDQ0/wqzz7n0QKbxxWiA=="
    },
    "underscore": {
      "version": "1.4.4",
      "resolved": "https://registry.npmjs.org/underscore/-/underscore-1.4.4.tgz",
      "integrity": "sha1-YaajIBBiKvoHljvzJSA88SI51gQ="
    },
    "unpipe": {
      "version": "1.0.0",
      "resolved": "https://registry.npmjs.org/unpipe/-/unpipe-1.0.0.tgz",
      "integrity": "sha1-sr9O6FFKrmFltIF4KdIbLvSZBOw="
    },
    "utf-8-validate": {
      "version": "5.0.2",
      "resolved": "https://registry.npmjs.org/utf-8-validate/-/utf-8-validate-5.0.2.tgz",
      "integrity": "sha512-SwV++i2gTD5qh2XqaPzBnNX88N6HdyhQrNNRykvcS0QKvItV9u3vPEJr+X5Hhfb1JC0r0e1alL0iB09rY8+nmw==",
      "requires": {
        "node-gyp-build": "~3.7.0"
      }
    },
    "utils-merge": {
      "version": "1.0.1",
      "resolved": "https://registry.npmjs.org/utils-merge/-/utils-merge-1.0.1.tgz",
      "integrity": "sha1-n5VxD1CiZ5R7LMwSR0HBAoQn5xM="
    },
    "uuid": {
      "version": "3.3.3",
      "resolved": "https://registry.npmjs.org/uuid/-/uuid-3.3.3.tgz",
      "integrity": "sha512-pW0No1RGHgzlpHJO1nsVrHKpOEIxkGg1xB+v0ZmdNH5OAeAwzAVrCnI2/6Mtx+Uys6iaylxa+D3g4j63IKKjSQ=="
    },
    "vary": {
      "version": "1.1.2",
      "resolved": "https://registry.npmjs.org/vary/-/vary-1.1.2.tgz",
      "integrity": "sha1-IpnwLG3tMNSllhsLn3RSShj2NPw="
    },
    "ws": {
      "version": "5.2.2",
      "resolved": "https://registry.npmjs.org/ws/-/ws-5.2.2.tgz",
      "integrity": "sha512-jaHFD6PFv6UgoIVda6qZllptQsMlDEJkTQcybzzXDYM1XO9Y8em691FGMPmM46WGyLU4z9KMgQN+qrux/nhlHA==",
      "requires": {
        "async-limiter": "~1.0.0"
      }
    }
  }
}
